
Microsoft Visual Studio Solution File, Format Version 12.00
# Visual Studio Version 16
VisualStudioVersion = 16.0.30406.217
MinimumVisualStudioVersion = 10.0.40219.1
Project("{9A19103F-16F7-4668-BE54-9A1E7A4F7556}") = "Windowing", "Windowing\Windowing.csproj", "{00E522E0-B975-4EE3-9546-41385FAE7EA2}"
EndProject
Project("{9A19103F-16F7-4668-BE54-9A1E7A4F7556}") = "Demo", "Demo\Demo.csproj", "{6295465D-7CF6-4012-ABCC-509D6DBDF801}"
EndProject
Project("{9A19103F-16F7-4668-BE54-9A1E7A4F7556}") = "Windowing.NativeLibLoader.NetCore3", "Windowing.NativeLibLoader.NetCore3\Windowing.NativeLibLoader.NetCore3.csproj", "{3E3493F1-CB35-4194-97D1-15DFA9D42C19}"
EndProject
Project("{9A19103F-16F7-4668-BE54-9A1E7A4F7556}") = "Graphics.Gl", "Graphics.Gl\Graphics.Gl.csproj", "{891CB6C0-0FFA-4C60-9535-D552924AE501}"
EndProject
Project("{9A19103F-16F7-4668-BE54-9A1E7A4F7556}") = "Graphics.Gl.Gen", "Graphics.Gl.Gen\Graphics.Gl.Gen.csproj", "{E60815AF-5230-464B-A27F-0F0F5D73C913}"
EndProject
Project("{FAE04EC0-301F-11D3-BF4B-00C04F79EFBC}") = "Graphics.Common", "Graphics.Common\Graphics.Common.csproj", "{5C313A41-D0D1-4B4A-A291-ECB4BC4A40F6}"
EndProject
Project("{FAE04EC0-301F-11D3-BF4B-00C04F79EFBC}") = "Graphics.Imaging", "Graphics.Imaging\Graphics.Imaging.csproj", "{DB11DF96-7404-4752-ABFC-2182E495FB88}"
EndProject
Project("{FAE04EC0-301F-11D3-BF4B-00C04F79EFBC}") = "Graphics.Imaging.Formats.Bmp", "Graphics.Imaging.Formats.Bmp\Graphics.Imaging.Formats.Bmp.csproj", "{A30DC7B9-64CF-4DBF-BA9F-4F2B11C8A5D1}"
EndProject
Project("{FAE04EC0-301F-11D3-BF4B-00C04F79EFBC}") = "Graphics.Imaging.Formats.Png", "Graphics.Imaging.Formats.Png\Graphics.Imaging.Formats.Png.csproj", "{06280C1E-8ED5-4A40-85AF-51A145A49B4C}"
EndProject
Project("{FAE04EC0-301F-11D3-BF4B-00C04F79EFBC}") = "Graphics.Imaging.Formats.Yaf", "Graphics.Imaging.Formats.Yaf\Graphics.Imaging.Formats.Yaf.csproj", "{C833166E-CF27-438B-9E91-63528B637F41}"
EndProject
Project("{FAE04EC0-301F-11D3-BF4B-00C04F79EFBC}") = "Components", "Components\Components.csproj", "{5894AD7C-358E-4A8A-9D4D-9776889FA0C9}"
EndProject
Project("{FAE04EC0-301F-11D3-BF4B-00C04F79EFBC}") = "Gaming.GameLoop", "Gaming.GameLoop\Gaming.GameLoop.csproj", "{21D131EB-CE8D-4812-A264-E4FC14D48D30}"
EndProject
Project("{FAE04EC0-301F-11D3-BF4B-00C04F79EFBC}") = "Gaming.Game", "Gaming.Game\Gaming.Game.csproj", "{17584D7B-3858-4AFF-8E02-EC905D8D3969}"
EndProject
Global
	GlobalSection(SolutionConfigurationPlatforms) = preSolution
		Debug|Any CPU = Debug|Any CPU
		Release|Any CPU = Release|Any CPU
	EndGlobalSection
	GlobalSection(ProjectConfigurationPlatforms) = postSolution
		{00E522E0-B975-4EE3-9546-41385FAE7EA2}.Debug|Any CPU.ActiveCfg = Debug|Any CPU
		{00E522E0-B975-4EE3-9546-41385FAE7EA2}.Debug|Any CPU.Build.0 = Debug|Any CPU
		{00E522E0-B975-4EE3-9546-41385FAE7EA2}.Release|Any CPU.ActiveCfg = Release|Any CPU
		{00E522E0-B975-4EE3-9546-41385FAE7EA2}.Release|Any CPU.Build.0 = Release|Any CPU
		{6295465D-7CF6-4012-ABCC-509D6DBDF801}.Debug|Any CPU.ActiveCfg = Debug|Any CPU
		{6295465D-7CF6-4012-ABCC-509D6DBDF801}.Debug|Any CPU.Build.0 = Debug|Any CPU
		{6295465D-7CF6-4012-ABCC-509D6DBDF801}.Release|Any CPU.ActiveCfg = Release|Any CPU
		{6295465D-7CF6-4012-ABCC-509D6DBDF801}.Release|Any CPU.Build.0 = Release|Any CPU
		{3E3493F1-CB35-4194-97D1-15DFA9D42C19}.Debug|Any CPU.ActiveCfg = Debug|Any CPU
		{3E3493F1-CB35-4194-97D1-15DFA9D42C19}.Debug|Any CPU.Build.0 = Debug|Any CPU
		{3E3493F1-CB35-4194-97D1-15DFA9D42C19}.Release|Any CPU.ActiveCfg = Release|Any CPU
		{3E3493F1-CB35-4194-97D1-15DFA9D42C19}.Release|Any CPU.Build.0 = Release|Any CPU
		{891CB6C0-0FFA-4C60-9535-D552924AE501}.Debug|Any CPU.ActiveCfg = Debug|Any CPU
		{891CB6C0-0FFA-4C60-9535-D552924AE501}.Debug|Any CPU.Build.0 = Debug|Any CPU
		{891CB6C0-0FFA-4C60-9535-D552924AE501}.Release|Any CPU.ActiveCfg = Release|Any CPU
		{891CB6C0-0FFA-4C60-9535-D552924AE501}.Release|Any CPU.Build.0 = Release|Any CPU
		{E60815AF-5230-464B-A27F-0F0F5D73C913}.Debug|Any CPU.ActiveCfg = Debug|Any CPU
		{E60815AF-5230-464B-A27F-0F0F5D73C913}.Debug|Any CPU.Build.0 = Debug|Any CPU
		{E60815AF-5230-464B-A27F-0F0F5D73C913}.Release|Any CPU.ActiveCfg = Release|Any CPU
		{E60815AF-5230-464B-A27F-0F0F5D73C913}.Release|Any CPU.Build.0 = Release|Any CPU
		{5894AD7C-358E-4A8A-9D4D-9776889FA0C9}.Debug|Any CPU.ActiveCfg = Debug|Any CPU
		{5894AD7C-358E-4A8A-9D4D-9776889FA0C9}.Debug|Any CPU.Build.0 = Debug|Any CPU
		{5894AD7C-358E-4A8A-9D4D-9776889FA0C9}.Release|Any CPU.ActiveCfg = Release|Any CPU
		{5894AD7C-358E-4A8A-9D4D-9776889FA0C9}.Release|Any CPU.Build.0 = Release|Any CPU
		{DB11DF96-7404-4752-ABFC-2182E495FB88}.Debug|Any CPU.ActiveCfg = Debug|Any CPU
		{DB11DF96-7404-4752-ABFC-2182E495FB88}.Debug|Any CPU.Build.0 = Debug|Any CPU
		{DB11DF96-7404-4752-ABFC-2182E495FB88}.Release|Any CPU.ActiveCfg = Release|Any CPU
		{DB11DF96-7404-4752-ABFC-2182E495FB88}.Release|Any CPU.Build.0 = Release|Any CPU
		{A30DC7B9-64CF-4DBF-BA9F-4F2B11C8A5D1}.Debug|Any CPU.ActiveCfg = Debug|Any CPU
		{A30DC7B9-64CF-4DBF-BA9F-4F2B11C8A5D1}.Debug|Any CPU.Build.0 = Debug|Any CPU
		{A30DC7B9-64CF-4DBF-BA9F-4F2B11C8A5D1}.Release|Any CPU.ActiveCfg = Release|Any CPU
		{A30DC7B9-64CF-4DBF-BA9F-4F2B11C8A5D1}.Release|Any CPU.Build.0 = Release|Any CPU
		{06280C1E-8ED5-4A40-85AF-51A145A49B4C}.Debug|Any CPU.ActiveCfg = Debug|Any CPU
		{06280C1E-8ED5-4A40-85AF-51A145A49B4C}.Debug|Any CPU.Build.0 = Debug|Any CPU
		{06280C1E-8ED5-4A40-85AF-51A145A49B4C}.Release|Any CPU.ActiveCfg = Release|Any CPU
		{06280C1E-8ED5-4A40-85AF-51A145A49B4C}.Release|Any CPU.Build.0 = Release|Any CPU
		{C833166E-CF27-438B-9E91-63528B637F41}.Debug|Any CPU.ActiveCfg = Debug|Any CPU
		{C833166E-CF27-438B-9E91-63528B637F41}.Debug|Any CPU.Build.0 = Debug|Any CPU
		{C833166E-CF27-438B-9E91-63528B637F41}.Release|Any CPU.ActiveCfg = Release|Any CPU
		{C833166E-CF27-438B-9E91-63528B637F41}.Release|Any CPU.Build.0 = Release|Any CPU
		{21D131EB-CE8D-4812-A264-E4FC14D48D30}.Debug|Any CPU.ActiveCfg = Debug|Any CPU
		{21D131EB-CE8D-4812-A264-E4FC14D48D30}.Debug|Any CPU.Build.0 = Debug|Any CPU
		{21D131EB-CE8D-4812-A264-E4FC14D48D30}.Release|Any CPU.ActiveCfg = Release|Any CPU
		{21D131EB-CE8D-4812-A264-E4FC14D48D30}.Release|Any CPU.Build.0 = Release|Any CPU
		{5C313A41-D0D1-4B4A-A291-ECB4BC4A40F6}.Debug|Any CPU.ActiveCfg = Debug|Any CPU
		{5C313A41-D0D1-4B4A-A291-ECB4BC4A40F6}.Debug|Any CPU.Build.0 = Debug|Any CPU
		{5C313A41-D0D1-4B4A-A291-ECB4BC4A40F6}.Release|Any CPU.ActiveCfg = Release|Any CPU
		{5C313A41-D0D1-4B4A-A291-ECB4BC4A40F6}.Release|Any CPU.Build.0 = Release|Any CPU
		{17584D7B-3858-4AFF-8E02-EC905D8D3969}.Debug|Any CPU.ActiveCfg = Debug|Any CPU
		{17584D7B-3858-4AFF-8E02-EC905D8D3969}.Debug|Any CPU.Build.0 = Debug|Any CPU
		{17584D7B-3858-4AFF-8E02-EC905D8D3969}.Release|Any CPU.ActiveCfg = Release|Any CPU
		{17584D7B-3858-4AFF-8E02-EC905D8D3969}.Release|Any CPU.Build.0 = Release|Any CPU
	EndGlobalSection
	GlobalSection(SolutionProperties) = preSolution
		HideSolutionNode = FALSE
	EndGlobalSection
	GlobalSection(ExtensibilityGlobals) = postSolution
		SolutionGuid = {34EAE6FA-626A-4964-B100-675583628F9A}
	EndGlobalSection
EndGlobal
