
Microsoft Visual Studio Solution File, Format Version 12.00
Project("{FAE04EC0-301F-11D3-BF4B-00C04F79EFBC}") = "Windowing", "Windowing\Windowing.csproj", "{00E522E0-B975-4EE3-9546-41385FAE7EA2}"
EndProject
Project("{FAE04EC0-301F-11D3-BF4B-00C04F79EFBC}") = "Demo", "Demo\Demo.csproj", "{6295465D-7CF6-4012-ABCC-509D6DBDF801}"
EndProject
Project("{FAE04EC0-301F-11D3-BF4B-00C04F79EFBC}") = "Windowing.NativeLibLoader.NetCore3", "Windowing.NativeLibLoader.NetCore3\Windowing.NativeLibLoader.NetCore3.csproj", "{3E3493F1-CB35-4194-97D1-15DFA9D42C19}"
EndProject
Project("{FAE04EC0-301F-11D3-BF4B-00C04F79EFBC}") = "Graphics.Gl", "Graphics.Gl\Graphics.Gl.csproj", "{891CB6C0-0FFA-4C60-9535-D552924AE501}"
EndProject
Project("{FAE04EC0-301F-11D3-BF4B-00C04F79EFBC}") = "Graphics.Gl.Gen", "Graphics.Gl.Gen\Graphics.Gl.Gen.csproj", "{E60815AF-5230-464B-A27F-0F0F5D73C913}"
EndProject
Project("{FAE04EC0-301F-11D3-BF4B-00C04F79EFBC}") = "Graphics.Common", "Graphics.Common\Graphics.Common.csproj", "{5C313A41-D0D1-4B4A-A291-ECB4BC4A40F6}"
EndProject
Global
	GlobalSection(SolutionConfigurationPlatforms) = preSolution
		Debug|Any CPU = Debug|Any CPU
		Release|Any CPU = Release|Any CPU
	EndGlobalSection
	GlobalSection(ProjectConfigurationPlatforms) = postSolution
		{00E522E0-B975-4EE3-9546-41385FAE7EA2}.Debug|Any CPU.ActiveCfg = Debug|Any CPU
		{00E522E0-B975-4EE3-9546-41385FAE7EA2}.Debug|Any CPU.Build.0 = Debug|Any CPU
		{00E522E0-B975-4EE3-9546-41385FAE7EA2}.Release|Any CPU.ActiveCfg = Release|Any CPU
		{00E522E0-B975-4EE3-9546-41385FAE7EA2}.Release|Any CPU.Build.0 = Release|Any CPU
		{6295465D-7CF6-4012-ABCC-509D6DBDF801}.Debug|Any CPU.ActiveCfg = Debug|Any CPU
		{6295465D-7CF6-4012-ABCC-509D6DBDF801}.Debug|Any CPU.Build.0 = Debug|Any CPU
		{6295465D-7CF6-4012-ABCC-509D6DBDF801}.Release|Any CPU.ActiveCfg = Release|Any CPU
		{6295465D-7CF6-4012-ABCC-509D6DBDF801}.Release|Any CPU.Build.0 = Release|Any CPU
		{3E3493F1-CB35-4194-97D1-15DFA9D42C19}.Debug|Any CPU.ActiveCfg = Debug|Any CPU
		{3E3493F1-CB35-4194-97D1-15DFA9D42C19}.Debug|Any CPU.Build.0 = Debug|Any CPU
		{3E3493F1-CB35-4194-97D1-15DFA9D42C19}.Release|Any CPU.ActiveCfg = Release|Any CPU
		{3E3493F1-CB35-4194-97D1-15DFA9D42C19}.Release|Any CPU.Build.0 = Release|Any CPU
		{891CB6C0-0FFA-4C60-9535-D552924AE501}.Debug|Any CPU.ActiveCfg = Debug|Any CPU
		{891CB6C0-0FFA-4C60-9535-D552924AE501}.Debug|Any CPU.Build.0 = Debug|Any CPU
		{891CB6C0-0FFA-4C60-9535-D552924AE501}.Release|Any CPU.ActiveCfg = Release|Any CPU
		{891CB6C0-0FFA-4C60-9535-D552924AE501}.Release|Any CPU.Build.0 = Release|Any CPU
		{E60815AF-5230-464B-A27F-0F0F5D73C913}.Debug|Any CPU.ActiveCfg = Debug|Any CPU
		{E60815AF-5230-464B-A27F-0F0F5D73C913}.Debug|Any CPU.Build.0 = Debug|Any CPU
		{E60815AF-5230-464B-A27F-0F0F5D73C913}.Release|Any CPU.ActiveCfg = Release|Any CPU
		{E60815AF-5230-464B-A27F-0F0F5D73C913}.Release|Any CPU.Build.0 = Release|Any CPU
		{5C313A41-D0D1-4B4A-A291-ECB4BC4A40F6}.Debug|Any CPU.ActiveCfg = Debug|Any CPU
		{5C313A41-D0D1-4B4A-A291-ECB4BC4A40F6}.Debug|Any CPU.Build.0 = Debug|Any CPU
		{5C313A41-D0D1-4B4A-A291-ECB4BC4A40F6}.Release|Any CPU.ActiveCfg = Release|Any CPU
		{5C313A41-D0D1-4B4A-A291-ECB4BC4A40F6}.Release|Any CPU.Build.0 = Release|Any CPU
	EndGlobalSection
EndGlobal
